
Microsoft Visual Studio Solution File, Format Version 12.00
# Visual Studio 15
VisualStudioVersion = 15.0.28307.1758
MinimumVisualStudioVersion = 10.0.40219.1
Project("{FAE04EC0-301F-11D3-BF4B-00C04F79EFBC}") = "repoio", "repoio\repoio.csproj", "{AC2125F7-D9AB-4097-862F-ADD9CE8B9884}"
EndProject
Global
	GlobalSection(SolutionConfigurationPlatforms) = preSolution
		Debug|Any CPU = Debug|Any CPU
		Release|Any CPU = Release|Any CPU
	EndGlobalSection
	GlobalSection(ProjectConfigurationPlatforms) = postSolution
		{AC2125F7-D9AB-4097-862F-ADD9CE8B9884}.Debug|Any CPU.ActiveCfg = Debug|Any CPU
		{AC2125F7-D9AB-4097-862F-ADD9CE8B9884}.Debug|Any CPU.Build.0 = Debug|Any CPU
		{AC2125F7-D9AB-4097-862F-ADD9CE8B9884}.Release|Any CPU.ActiveCfg = Release|Any CPU
		{AC2125F7-D9AB-4097-862F-ADD9CE8B9884}.Release|Any CPU.Build.0 = Release|Any CPU
	EndGlobalSection
	GlobalSection(SolutionProperties) = preSolution
		HideSolutionNode = FALSE
	EndGlobalSection
	GlobalSection(ExtensibilityGlobals) = postSolution
		SolutionGuid = {6CBA3EF0-2B11-4B64-A2F2-37496350DF75}
	EndGlobalSection
EndGlobal
